
Microsoft Visual Studio Solution File, Format Version 12.00
# Visual Studio Version 17
VisualStudioVersion = 17.12.35521.163
MinimumVisualStudioVersion = 10.0.40219.1
Project("{FAE04EC0-301F-11D3-BF4B-00C04F79EFBC}") = "TCSA.Console.Calculator", "TCSA.Console.Calculator\TCSA.Console.Calculator.csproj", "{5D2F13CE-A27D-4F18-B3EB-B86CBFC8C57C}"
EndProject
Project("{FAE04EC0-301F-11D3-BF4B-00C04F79EFBC}") = "CalculatorLibrary", "CalculatorLibrary\CalculatorLibrary.csproj", "{733DC635-BECF-493E-9A53-1414A0A73E6E}"
EndProject
Global
	GlobalSection(SolutionConfigurationPlatforms) = preSolution
		Debug|Any CPU = Debug|Any CPU
		Release|Any CPU = Release|Any CPU
	EndGlobalSection
	GlobalSection(ProjectConfigurationPlatforms) = postSolution
		{5D2F13CE-A27D-4F18-B3EB-B86CBFC8C57C}.Debug|Any CPU.ActiveCfg = Debug|Any CPU
		{5D2F13CE-A27D-4F18-B3EB-B86CBFC8C57C}.Debug|Any CPU.Build.0 = Debug|Any CPU
		{5D2F13CE-A27D-4F18-B3EB-B86CBFC8C57C}.Release|Any CPU.ActiveCfg = Release|Any CPU
		{5D2F13CE-A27D-4F18-B3EB-B86CBFC8C57C}.Release|Any CPU.Build.0 = Release|Any CPU
		{733DC635-BECF-493E-9A53-1414A0A73E6E}.Debug|Any CPU.ActiveCfg = Debug|Any CPU
		{733DC635-BECF-493E-9A53-1414A0A73E6E}.Debug|Any CPU.Build.0 = Debug|Any CPU
		{733DC635-BECF-493E-9A53-1414A0A73E6E}.Release|Any CPU.ActiveCfg = Release|Any CPU
		{733DC635-BECF-493E-9A53-1414A0A73E6E}.Release|Any CPU.Build.0 = Release|Any CPU
	EndGlobalSection
	GlobalSection(SolutionProperties) = preSolution
		HideSolutionNode = FALSE
	EndGlobalSection
EndGlobal
